dependencies:
  espressif/esp_secure_cert_mgr:
    component_hash: a20007d67e65a000670ab77e45d7554c943eb8dcb0abeada0a57dd9adac3a703
    source:
      type: service
    version: 2.4.1
  idf:
    component_hash: null
    source:
      type: idf
    version: 5.0.4
manifest_hash: fcd712cfa55ff018902bd675264c143487b38c47595c78de9871d24bc59f88f6
target: esp32
version: 1.0.0
